
Microsoft Visual Studio Solution File, Format Version 12.00
# Visual Studio Version 17
VisualStudioVersion = 17.0.31903.59
MinimumVisualStudioVersion = 10.0.40219.1
Project("{2150E333-8FDC-42A3-9474-1A3956D46DE8}") = "src", "src", "{297B2237-5F7B-48D8-812E-3D4DE6361EB9}"
EndProject
Project("{FAE04EC0-301F-11D3-BF4B-00C04F79EFBC}") = "DataLoader.State.AppHost", "src\DataLoader.State.AppHost\DataLoader.State.AppHost.csproj", "{0EEA7F77-DC62-402E-B2D6-A94DF5F68DCD}"
EndProject
Project("{FAE04EC0-301F-11D3-BF4B-00C04F79EFBC}") = "DataLoader.State.GraphQL", "src\DataLoader.State.GraphQL\DataLoader.State.GraphQL.csproj", "{9CE1457B-BB0F-4AD1-AD1F-3C77A6374E8E}"
EndProject
Project("{FAE04EC0-301F-11D3-BF4B-00C04F79EFBC}") = "DataLoader.State.ServiceDefaults", "src\DataLoader.State.ServiceDefaults\DataLoader.State.ServiceDefaults.csproj", "{7FA90BFC-E852-4BC3-B6C1-137A5DA5E2C9}"
EndProject
Global
	GlobalSection(SolutionConfigurationPlatforms) = preSolution
		Debug|Any CPU = Debug|Any CPU
		Release|Any CPU = Release|Any CPU
	EndGlobalSection
	GlobalSection(SolutionProperties) = preSolution
		HideSolutionNode = FALSE
	EndGlobalSection
	GlobalSection(ProjectConfigurationPlatforms) = postSolution
		{0EEA7F77-DC62-402E-B2D6-A94DF5F68DCD}.Debug|Any CPU.ActiveCfg = Debug|Any CPU
		{0EEA7F77-DC62-402E-B2D6-A94DF5F68DCD}.Debug|Any CPU.Build.0 = Debug|Any CPU
		{0EEA7F77-DC62-402E-B2D6-A94DF5F68DCD}.Release|Any CPU.ActiveCfg = Release|Any CPU
		{0EEA7F77-DC62-402E-B2D6-A94DF5F68DCD}.Release|Any CPU.Build.0 = Release|Any CPU
		{9CE1457B-BB0F-4AD1-AD1F-3C77A6374E8E}.Debug|Any CPU.ActiveCfg = Debug|Any CPU
		{9CE1457B-BB0F-4AD1-AD1F-3C77A6374E8E}.Debug|Any CPU.Build.0 = Debug|Any CPU
		{9CE1457B-BB0F-4AD1-AD1F-3C77A6374E8E}.Release|Any CPU.ActiveCfg = Release|Any CPU
		{9CE1457B-BB0F-4AD1-AD1F-3C77A6374E8E}.Release|Any CPU.Build.0 = Release|Any CPU
		{7FA90BFC-E852-4BC3-B6C1-137A5DA5E2C9}.Debug|Any CPU.ActiveCfg = Debug|Any CPU
		{7FA90BFC-E852-4BC3-B6C1-137A5DA5E2C9}.Debug|Any CPU.Build.0 = Debug|Any CPU
		{7FA90BFC-E852-4BC3-B6C1-137A5DA5E2C9}.Release|Any CPU.ActiveCfg = Release|Any CPU
		{7FA90BFC-E852-4BC3-B6C1-137A5DA5E2C9}.Release|Any CPU.Build.0 = Release|Any CPU
	EndGlobalSection
	GlobalSection(NestedProjects) = preSolution
		{0EEA7F77-DC62-402E-B2D6-A94DF5F68DCD} = {297B2237-5F7B-48D8-812E-3D4DE6361EB9}
		{9CE1457B-BB0F-4AD1-AD1F-3C77A6374E8E} = {297B2237-5F7B-48D8-812E-3D4DE6361EB9}
		{7FA90BFC-E852-4BC3-B6C1-137A5DA5E2C9} = {297B2237-5F7B-48D8-812E-3D4DE6361EB9}
	EndGlobalSection
EndGlobal
